
Microsoft Visual Studio Solution File, Format Version 12.00
# Visual Studio Version 17
VisualStudioVersion = 17.4.33205.214
MinimumVisualStudioVersion = 10.0.40219.1
Project("{FAE04EC0-301F-11D3-BF4B-00C04F79EFBC}") = "SpellTactics", "SpellTactics\SpellTactics.csproj", "{2B92A084-245A-4BA5-830A-47BB1E95826C}"
EndProject
Global
	GlobalSection(SolutionConfigurationPlatforms) = preSolution
		Debug|Any CPU = Debug|Any CPU
		Release|Any CPU = Release|Any CPU
	EndGlobalSection
	GlobalSection(ProjectConfigurationPlatforms) = postSolution
		{2B92A084-245A-4BA5-830A-47BB1E95826C}.Debug|Any CPU.ActiveCfg = Debug|Any CPU
		{2B92A084-245A-4BA5-830A-47BB1E95826C}.Debug|Any CPU.Build.0 = Debug|Any CPU
		{2B92A084-245A-4BA5-830A-47BB1E95826C}.Release|Any CPU.ActiveCfg = Release|Any CPU
		{2B92A084-245A-4BA5-830A-47BB1E95826C}.Release|Any CPU.Build.0 = Release|Any CPU
	EndGlobalSection
	GlobalSection(SolutionProperties) = preSolution
		HideSolutionNode = FALSE
	EndGlobalSection
	GlobalSection(ExtensibilityGlobals) = postSolution
		SolutionGuid = {D3AF9B63-EE5B-4731-83C3-529EB24B29CD}
	EndGlobalSection
EndGlobal
